
Microsoft Visual Studio Solution File, Format Version 12.00
# Visual Studio Version 16
VisualStudioVersion = 16.0.33130.400
MinimumVisualStudioVersion = 10.0.40219.1
Project("{FAE04EC0-301F-11D3-BF4B-00C04F79EFBC}") = "Submittal 1", "Submittal 1\Submittal 1.csproj", "{E0426642-5721-46C8-B8A8-88C3A2FE7B06}"
EndProject
Global
	GlobalSection(SolutionConfigurationPlatforms) = preSolution
		Debug|Any CPU = Debug|Any CPU
		Release|Any CPU = Release|Any CPU
	EndGlobalSection
	GlobalSection(ProjectConfigurationPlatforms) = postSolution
		{E0426642-5721-46C8-B8A8-88C3A2FE7B06}.Debug|Any CPU.ActiveCfg = Debug|Any CPU
		{E0426642-5721-46C8-B8A8-88C3A2FE7B06}.Debug|Any CPU.Build.0 = Debug|Any CPU
		{E0426642-5721-46C8-B8A8-88C3A2FE7B06}.Release|Any CPU.ActiveCfg = Release|Any CPU
		{E0426642-5721-46C8-B8A8-88C3A2FE7B06}.Release|Any CPU.Build.0 = Release|Any CPU
	EndGlobalSection
	GlobalSection(SolutionProperties) = preSolution
		HideSolutionNode = FALSE
	EndGlobalSection
	GlobalSection(ExtensibilityGlobals) = postSolution
		SolutionGuid = {158A7AD2-914B-41D8-8ED4-F93EA8A8D4D0}
	EndGlobalSection
EndGlobal
